
Microsoft Visual Studio Solution File, Format Version 12.00
# Visual Studio Version 17
VisualStudioVersion = 17.7.34003.232
MinimumVisualStudioVersion = 10.0.40219.1
Project("{FAE04EC0-301F-11D3-BF4B-00C04F79EFBC}") = "ZalikOS", "ZalikOS\ZalikOS.csproj", "{A53C2AA2-F85A-47C7-871A-558A381B120D}"
EndProject
Global
	GlobalSection(SolutionConfigurationPlatforms) = preSolution
		Debug|Any CPU = Debug|Any CPU
		Release|Any CPU = Release|Any CPU
	EndGlobalSection
	GlobalSection(ProjectConfigurationPlatforms) = postSolution
		{A53C2AA2-F85A-47C7-871A-558A381B120D}.Debug|Any CPU.ActiveCfg = Debug|Any CPU
		{A53C2AA2-F85A-47C7-871A-558A381B120D}.Debug|Any CPU.Build.0 = Debug|Any CPU
		{A53C2AA2-F85A-47C7-871A-558A381B120D}.Release|Any CPU.ActiveCfg = Release|Any CPU
		{A53C2AA2-F85A-47C7-871A-558A381B120D}.Release|Any CPU.Build.0 = Release|Any CPU
	EndGlobalSection
	GlobalSection(SolutionProperties) = preSolution
		HideSolutionNode = FALSE
	EndGlobalSection
	GlobalSection(ExtensibilityGlobals) = postSolution
		SolutionGuid = {2DC50576-5713-4F57-8D08-E6F91DE3538E}
	EndGlobalSection
EndGlobal
